# This file was autogenerated by Stack.
# You should not edit this file by hand.
# For more information, please see the documentation at:
#   https://docs.haskellstack.org/en/stable/lock_files

packages:
- completed:
    hackage: aeson-1.4.5.0@sha256:451b48781e6f85102675778b54cd8f0e0cafa5bdf950c2989223cc22f9baa20e,6964
    pantry-tree:
      size: 40193
      sha256: 2a66131492bcf981138f4723ea5c71058ce5b37b0f1b50db020321c1cee1545b
  original:
    hackage: aeson-1.4.5.0
- completed:
    hackage: base-compat-0.11.0@sha256:d92c8732c415ba6a3a1fa5fcc578e714c453685afba8d936ead91c496b0f546f,7043
    pantry-tree:
      size: 8489
      sha256: 5284b94d31df93657f44700bd8aa82021367d2418392a06bac69ca2ea9c0e479
  original:
    hackage: base-compat-0.11.0
- completed:
    hackage: base-orphans-0.8.1@sha256:defd0057b5db93257528d89b5b01a0fee9738e878c121c686948ac4aa5dded63,2927
    pantry-tree:
      size: 1272
      sha256: e059f342ae4cd1edcbd90f5f69caab550a00cc64abcfd198ede188391ffe151f
  original:
    hackage: base-orphans-0.8.1
- completed:
    hackage: bindings-gpgme-0.1.7@sha256:b486a4a93e614111b637c6ff7e719c19f3f7d921cbf50930e112e3948246e688,1009
    pantry-tree:
      size: 275
      sha256: ba3a7ad409c63b71653cd993a2eb040ad2412963db5a9e131a5f7cb3f6afde7b
  original:
    hackage: bindings-gpgme-0.1.7
- completed:
    hackage: conduit-1.3.1.1@sha256:1fa8d9bd5317075845372b7d84197242ddb23b20a74ee03bd8c4fea280ccdae4,4982
    pantry-tree:
      size: 1957
      sha256: 619a36e4eb05446170e7d33e06f289372b4bc6e3ba283aac20013de4bec338dc
  original:
    hackage: conduit-1.3.1.1
- completed:
    hackage: constraints-extras-0.3.0.1@sha256:22006ebf98c82b654a5ab688e6434347584ba5495978f65dafa2cf6b71c4afd0,1495
    pantry-tree:
      size: 594
      sha256: b1c19ab6153c051a5d36e9b1e7c450883a73ca108ff4ef290df5ad8f87ef9d08
  original:
    hackage: constraints-extras-0.3.0.1
- completed:
    hackage: dependent-sum-0.6.2.0@sha256:bff37c85b38e768b942f9d81c2465b63a96076f1ba006e35612aa357770807b6,1856
    pantry-tree:
      size: 474
      sha256: ad3fbed5104f9ee9c8082c9dcc8ade847674e3053572533e8d26ad1a866f1107
  original:
    hackage: dependent-sum-0.6.2.0
- completed:
    hackage: h-gpgme-0.5.1.0@sha256:77ecd6fb4ddf7e1d868a8516ccfd807d77d56c29811a4adfef22ac4d80c9c5fc,3117
    pantry-tree:
      size: 1165
      sha256: fbf814c0af2980f572610b665228bd643a90daccc6b0a78c43ca52e331c7fe4f
  original:
    hackage: h-gpgme-0.5.1.0
- completed:
    hackage: libyaml-0.1.1.0@sha256:b3fcd8c44622c75e054c2267f3fec39a58a311748000310cbc8257a4683d3f02,2090
    pantry-tree:
      size: 1096
      sha256: 5955a20a686e9cfe6316201085315ec0053ef532788a2d63908457b214dea3ae
  original:
    hackage: libyaml-0.1.1.0
- completed:
    hackage: megaparsec-7.0.5@sha256:45e1f1348fab2783646fdb4d9e6097568981a740951c7356d36d794e2baba305,3902
    pantry-tree:
      size: 1428
      sha256: 1f8baf6e07326f8c8a2dd31de6b2860427f158b0892c52ba5fe9ffeb6cd3bf7f
  original:
    hackage: megaparsec-7.0.5
- completed:
    hackage: parser-combinators-1.2.0@sha256:784ab858e0a814d2aa36785e3c359a393be7ef7be9a37428a59908331249eb80,1845
    pantry-tree:
      size: 725
      sha256: 2bc4acaba61498d2f8d1eefcaeb557e8612cb2058918203fddc7f1595966b11b
  original:
    hackage: parser-combinators-1.2.0
- completed:
    hackage: resourcet-1.2.2@sha256:8cd361114a67a1e18303569b022d39875eb38f91d5176b657f22b16866ccc395,1655
    pantry-tree:
      size: 647
      sha256: 1ca0c87bbf3edeee5c1a9c44f433be7367e95a13ead452cfc64c70d39ac98a5b
  original:
    hackage: resourcet-1.2.2
- completed:
    hackage: sandi-0.5@sha256:b278d072ca717706ea38f9bd646e023f7f2576a778fb43565b434f93638849aa,3010
    pantry-tree:
      size: 3455
      sha256: 5ca7ce4bc22ab9d4427bb149b5e283ab9db43375df14f7131fdfd48775f36350
  original:
    hackage: sandi-0.5
- completed:
    hackage: time-compat-1.9.2.2@sha256:9998dc1b77b5067572ab708e94750f1061152f342e92ad1aba38aae63581174d,4209
    pantry-tree:
      size: 3602
      sha256: 724a63e80871bc6709a2d3ca1c3c7316048e99c9d50b0492f0eff25ce2cecbe0
  original:
    hackage: time-compat-1.9.2.2
- completed:
    hackage: vinyl-0.11.0@sha256:ba415a21faa638d4fa1df04513c789764458b923f4deacf6defd632a030a0639,3804
    pantry-tree:
      size: 1857
      sha256: 97f42f96852ab5278f9d57f0a1121298fae557fe8c107e11dbf55d3ac6697fc4
  original:
    hackage: vinyl-0.11.0
- completed:
    hackage: yaml-0.11.1.2@sha256:cbc4ddb233c564967aad27ee47c1cd8fd6a06b9183353e76fe66c9be7c9dfd76,5109
    pantry-tree:
      size: 1989
      sha256: 67fa65b246192799aa7a4ac5471dfcc3c665beda50300c3a6717670deb20b912
  original:
    hackage: yaml-0.11.1.2
snapshots:
- completed:
    size: 529130
    url: https://raw.githubusercontent.com/commercialhaskell/stackage-snapshots/master/nightly/2019/9/16.yaml
    sha256: a8c2355f4f1c46896e5c32aa0b576bbacf0677ff8a164333fa29733d39c3cf4f
  original: nightly-2019-09-16
